
Microsoft Visual Studio Solution File, Format Version 12.00
# Visual Studio Version 17
VisualStudioVersion = 17.2.32526.322
MinimumVisualStudioVersion = 10.0.40219.1
Project("{FAE04EC0-301F-11D3-BF4B-00C04F79EFBC}") = "Interfaces", "Interfaces\Interfaces.csproj", "{161616DF-6D4B-4C7C-B6A1-0FC8993170EE}"
EndProject
Global
	GlobalSection(SolutionConfigurationPlatforms) = preSolution
		Debug|Any CPU = Debug|Any CPU
		Release|Any CPU = Release|Any CPU
	EndGlobalSection
	GlobalSection(ProjectConfigurationPlatforms) = postSolution
		{161616DF-6D4B-4C7C-B6A1-0FC8993170EE}.Debug|Any CPU.ActiveCfg = Debug|Any CPU
		{161616DF-6D4B-4C7C-B6A1-0FC8993170EE}.Debug|Any CPU.Build.0 = Debug|Any CPU
		{161616DF-6D4B-4C7C-B6A1-0FC8993170EE}.Release|Any CPU.ActiveCfg = Release|Any CPU
		{161616DF-6D4B-4C7C-B6A1-0FC8993170EE}.Release|Any CPU.Build.0 = Release|Any CPU
	EndGlobalSection
	GlobalSection(SolutionProperties) = preSolution
		HideSolutionNode = FALSE
	EndGlobalSection
	GlobalSection(ExtensibilityGlobals) = postSolution
		SolutionGuid = {92BA6217-892D-4519-90D8-9374FC2E9023}
	EndGlobalSection
EndGlobal
